
Microsoft Visual Studio Solution File, Format Version 12.00
# Visual Studio 2012
Project("{FAE04EC0-301F-11D3-BF4B-00C04F79EFBC}") = "JustDo", "Justdo\JustDo.csproj", "{30C71506-2842-48AE-A85C-B82F9273BF4F}"
EndProject
Global
	GlobalSection(SolutionConfigurationPlatforms) = preSolution
		Debug|Any CPU = Debug|Any CPU
		Release|Any CPU = Release|Any CPU
	EndGlobalSection
	GlobalSection(ProjectConfigurationPlatforms) = postSolution
		{30C71506-2842-48AE-A85C-B82F9273BF4F}.Debug|Any CPU.ActiveCfg = Debug|Any CPU
		{30C71506-2842-48AE-A85C-B82F9273BF4F}.Debug|Any CPU.Build.0 = Debug|Any CPU
		{30C71506-2842-48AE-A85C-B82F9273BF4F}.Release|Any CPU.ActiveCfg = Release|Any CPU
		{30C71506-2842-48AE-A85C-B82F9273BF4F}.Release|Any CPU.Build.0 = Release|Any CPU
	EndGlobalSection
	GlobalSection(SolutionProperties) = preSolution
		HideSolutionNode = FALSE
	EndGlobalSection
EndGlobal
